
Microsoft Visual Studio Solution File, Format Version 12.00
# Visual Studio Version 16
VisualStudioVersion = 16.0.30717.126
MinimumVisualStudioVersion = 10.0.40219.1
Project("{2150E333-8FDC-42A3-9474-1A3956D46DE8}") = "Data", "Data", "{BAEAFBDC-75D1-4AAC-BB7B-5B569CD3E86A}"
EndProject
Project("{2150E333-8FDC-42A3-9474-1A3956D46DE8}") = "Applications", "Applications", "{F50E9C35-1BC5-4F5B-AE4F-6E1C746C72DE}"
EndProject
Project("{2150E333-8FDC-42A3-9474-1A3956D46DE8}") = "Tests", "Tests", "{3CA6C679-746B-4CAE-B5B5-8F1518699E27}"
EndProject
Project("{F088123C-0E9E-452A-89E6-6BA2F21D5CAC}") = "LabTest2.Architecture", "LabTest2.Architecture\LabTest2.Architecture.modelproj", "{EDA5DC8F-AAF8-4A2B-89BF-181C2356EF7E}"
EndProject
Project("{FAE04EC0-301F-11D3-BF4B-00C04F79EFBC}") = "LabTest2.Data", "LabTest2.Data\LabTest2.Data.csproj", "{CF49BD59-9A7C-49E3-BB5A-1ABCE3D89274}"
EndProject
Project("{FAE04EC0-301F-11D3-BF4B-00C04F79EFBC}") = "LabTest2.Apps.Web.Server", "..\LabTest2.Apps.Web\Server\LabTest2.Apps.Web.Server.csproj", "{DBC88ED4-A8D9-44C9-8A31-2A9DB99A0DA9}"
EndProject
Project("{FAE04EC0-301F-11D3-BF4B-00C04F79EFBC}") = "LabTest2.Apps.Web.Client", "..\LabTest2.Apps.Web\Client\LabTest2.Apps.Web.Client.csproj", "{26BF4A05-6853-41D0-AA78-A64C5C32C0AB}"
EndProject
Project("{FAE04EC0-301F-11D3-BF4B-00C04F79EFBC}") = "LabTest2.Apps.Web.Shared", "..\LabTest2.Apps.Web\Shared\LabTest2.Apps.Web.Shared.csproj", "{0A626F8E-FB11-4550-84CF-03FC2675A56B}"
EndProject
Project("{FAE04EC0-301F-11D3-BF4B-00C04F79EFBC}") = "LabTest2.Apps.Web.Tests", "LabTest2.Apps.Web.Tests\LabTest2.Apps.Web.Tests.csproj", "{8B361E98-BA4D-4B11-B6F6-7C279C554D0E}"
EndProject
Global
	GlobalSection(SolutionConfigurationPlatforms) = preSolution
		Debug|Any CPU = Debug|Any CPU
		Release|Any CPU = Release|Any CPU
	EndGlobalSection
	GlobalSection(ProjectConfigurationPlatforms) = postSolution
		{EDA5DC8F-AAF8-4A2B-89BF-181C2356EF7E}.Debug|Any CPU.ActiveCfg = Debug|Any CPU
		{EDA5DC8F-AAF8-4A2B-89BF-181C2356EF7E}.Debug|Any CPU.Build.0 = Debug|Any CPU
		{EDA5DC8F-AAF8-4A2B-89BF-181C2356EF7E}.Release|Any CPU.ActiveCfg = Release|Any CPU
		{EDA5DC8F-AAF8-4A2B-89BF-181C2356EF7E}.Release|Any CPU.Build.0 = Release|Any CPU
		{CF49BD59-9A7C-49E3-BB5A-1ABCE3D89274}.Debug|Any CPU.ActiveCfg = Debug|Any CPU
		{CF49BD59-9A7C-49E3-BB5A-1ABCE3D89274}.Debug|Any CPU.Build.0 = Debug|Any CPU
		{CF49BD59-9A7C-49E3-BB5A-1ABCE3D89274}.Release|Any CPU.ActiveCfg = Release|Any CPU
		{CF49BD59-9A7C-49E3-BB5A-1ABCE3D89274}.Release|Any CPU.Build.0 = Release|Any CPU
		{DBC88ED4-A8D9-44C9-8A31-2A9DB99A0DA9}.Debug|Any CPU.ActiveCfg = Debug|Any CPU
		{DBC88ED4-A8D9-44C9-8A31-2A9DB99A0DA9}.Debug|Any CPU.Build.0 = Debug|Any CPU
		{DBC88ED4-A8D9-44C9-8A31-2A9DB99A0DA9}.Release|Any CPU.ActiveCfg = Release|Any CPU
		{DBC88ED4-A8D9-44C9-8A31-2A9DB99A0DA9}.Release|Any CPU.Build.0 = Release|Any CPU
		{26BF4A05-6853-41D0-AA78-A64C5C32C0AB}.Debug|Any CPU.ActiveCfg = Debug|Any CPU
		{26BF4A05-6853-41D0-AA78-A64C5C32C0AB}.Debug|Any CPU.Build.0 = Debug|Any CPU
		{26BF4A05-6853-41D0-AA78-A64C5C32C0AB}.Release|Any CPU.ActiveCfg = Release|Any CPU
		{26BF4A05-6853-41D0-AA78-A64C5C32C0AB}.Release|Any CPU.Build.0 = Release|Any CPU
		{0A626F8E-FB11-4550-84CF-03FC2675A56B}.Debug|Any CPU.ActiveCfg = Debug|Any CPU
		{0A626F8E-FB11-4550-84CF-03FC2675A56B}.Debug|Any CPU.Build.0 = Debug|Any CPU
		{0A626F8E-FB11-4550-84CF-03FC2675A56B}.Release|Any CPU.ActiveCfg = Release|Any CPU
		{0A626F8E-FB11-4550-84CF-03FC2675A56B}.Release|Any CPU.Build.0 = Release|Any CPU
		{8B361E98-BA4D-4B11-B6F6-7C279C554D0E}.Debug|Any CPU.ActiveCfg = Debug|Any CPU
		{8B361E98-BA4D-4B11-B6F6-7C279C554D0E}.Debug|Any CPU.Build.0 = Debug|Any CPU
		{8B361E98-BA4D-4B11-B6F6-7C279C554D0E}.Release|Any CPU.ActiveCfg = Release|Any CPU
		{8B361E98-BA4D-4B11-B6F6-7C279C554D0E}.Release|Any CPU.Build.0 = Release|Any CPU
	EndGlobalSection
	GlobalSection(SolutionProperties) = preSolution
		HideSolutionNode = FALSE
	EndGlobalSection
	GlobalSection(NestedProjects) = preSolution
		{CF49BD59-9A7C-49E3-BB5A-1ABCE3D89274} = {BAEAFBDC-75D1-4AAC-BB7B-5B569CD3E86A}
		{DBC88ED4-A8D9-44C9-8A31-2A9DB99A0DA9} = {F50E9C35-1BC5-4F5B-AE4F-6E1C746C72DE}
		{26BF4A05-6853-41D0-AA78-A64C5C32C0AB} = {F50E9C35-1BC5-4F5B-AE4F-6E1C746C72DE}
		{0A626F8E-FB11-4550-84CF-03FC2675A56B} = {F50E9C35-1BC5-4F5B-AE4F-6E1C746C72DE}
		{8B361E98-BA4D-4B11-B6F6-7C279C554D0E} = {3CA6C679-746B-4CAE-B5B5-8F1518699E27}
	EndGlobalSection
	GlobalSection(ExtensibilityGlobals) = postSolution
		SolutionGuid = {0FD39487-BFC6-4454-B89D-BE99E3019804}
	EndGlobalSection
EndGlobal
